
Microsoft Visual Studio Solution File, Format Version 12.00
Project("{FAE04EC0-301F-11D3-BF4B-00C04F79EFBC}") = "cslox", "cslox\cslox.csproj", "{BB42204D-1030-4641-851C-B690E6A7EA91}"
EndProject
Project("{FAE04EC0-301F-11D3-BF4B-00C04F79EFBC}") = "cslox.Tests", "cslox.Tests\cslox.Tests.csproj", "{726287E1-F4E6-4852-BBBB-6486F545E33D}"
EndProject
Global
	GlobalSection(SolutionConfigurationPlatforms) = preSolution
		Debug|Any CPU = Debug|Any CPU
		Release|Any CPU = Release|Any CPU
	EndGlobalSection
	GlobalSection(ProjectConfigurationPlatforms) = postSolution
		{BB42204D-1030-4641-851C-B690E6A7EA91}.Debug|Any CPU.ActiveCfg = Debug|Any CPU
		{BB42204D-1030-4641-851C-B690E6A7EA91}.Debug|Any CPU.Build.0 = Debug|Any CPU
		{BB42204D-1030-4641-851C-B690E6A7EA91}.Release|Any CPU.ActiveCfg = Release|Any CPU
		{BB42204D-1030-4641-851C-B690E6A7EA91}.Release|Any CPU.Build.0 = Release|Any CPU
		{726287E1-F4E6-4852-BBBB-6486F545E33D}.Debug|Any CPU.ActiveCfg = Debug|Any CPU
		{726287E1-F4E6-4852-BBBB-6486F545E33D}.Debug|Any CPU.Build.0 = Debug|Any CPU
		{726287E1-F4E6-4852-BBBB-6486F545E33D}.Release|Any CPU.ActiveCfg = Release|Any CPU
		{726287E1-F4E6-4852-BBBB-6486F545E33D}.Release|Any CPU.Build.0 = Release|Any CPU
	EndGlobalSection
EndGlobal
